// !$*UTF8*$!
{
	archiveVersion = 1;
	classes = {
	};
	objectVersion = 50;
	objects = {

/* Begin PBXBuildFile section */
		1F77304C20C5775000AA9F62 /* ChangeLog.swift in Sources */ = {isa = PBXBuildFile; fileRef = 1F77304B20C5775000AA9F62 /* ChangeLog.swift */; };
		1FE3CF0820BDAB3400A84DAD /* AppDelegate.swift in Sources */ = {isa = PBXBuildFile; fileRef = 1FE3CF0720BDAB3400A84DAD /* AppDelegate.swift */; };
		1FE3CF1120BDAB3400A84DAD /* Main.storyboard in Resources */ = {isa = PBXBuildFile; fileRef = 1FE3CF0F20BDAB3400A84DAD /* Main.storyboard */; };
		1FE3CF1320BDAB3400A84DAD /* Assets.xcassets in Resources */ = {isa = PBXBuildFile; fileRef = 1FE3CF1220BDAB3400A84DAD /* Assets.xcassets */; };
		1FE3CF1620BDAB3400A84DAD /* LaunchScreen.storyboard in Resources */ = {isa = PBXBuildFile; fileRef = 1FE3CF1420BDAB3400A84DAD /* LaunchScreen.storyboard */; };
		1FE3CF2120BDAB3500A84DAD /* WallRayTests.swift in Sources */ = {isa = PBXBuildFile; fileRef = 1FE3CF2020BDAB3500A84DAD /* WallRayTests.swift */; };
		1FE3CF2C20BDAB3500A84DAD /* WallRayUITests.swift in Sources */ = {isa = PBXBuildFile; fileRef = 1FE3CF2B20BDAB3500A84DAD /* WallRayUITests.swift */; };
		36F3AA7DE48AD98FF9C6564B /* Pods_WallRayUITests.framework in Frameworks */ = {isa = PBXBuildFile; fileRef = 3DC43D06FB4768B6A4E03F86 /* Pods_WallRayUITests.framework */; };
		AB5DE702E5DE5F191BBEB1BF /* Pods_WallRayTests.framework in Frameworks */ = {isa = PBXBuildFile; fileRef = 552F75F64B3BCC42F8ECE532 /* Pods_WallRayTests.framework */; };
		DA3A426B4D30FE49687AB83D /* Pods_WallRay.framework in Frameworks */ = {isa = PBXBuildFile; fileRef = 10EA622303A68FD27AA92DE7 /* Pods_WallRay.framework */; };
		DC7BEEDD20BFF12B00232DF8 /* RoomViewController.swift in Sources */ = {isa = PBXBuildFile; fileRef = DC7BEEDC20BFF12B00232DF8 /* RoomViewController.swift */; };
		DC7BEEDF20C002D100232DF8 /* ARViewController.swift in Sources */ = {isa = PBXBuildFile; fileRef = DC7BEEDE20C002D100232DF8 /* ARViewController.swift */; };
		DC8D9BF320BEB4C40069E8AD /* Room.swift in Sources */ = {isa = PBXBuildFile; fileRef = DC8D9BF220BEB4C40069E8AD /* Room.swift */; };
		DC8D9BF520BEB6120069E8AD /* Plan.swift in Sources */ = {isa = PBXBuildFile; fileRef = DC8D9BF420BEB6120069E8AD /* Plan.swift */; };
		DC8D9BF720BEB8410069E8AD /* Line.swift in Sources */ = {isa = PBXBuildFile; fileRef = DC8D9BF620BEB8410069E8AD /* Line.swift */; };
		DC8D9BF920BEB88D0069E8AD /* Point.swift in Sources */ = {isa = PBXBuildFile; fileRef = DC8D9BF820BEB88D0069E8AD /* Point.swift */; };
		DC8D9C0120BEC2270069E8AD /* TableViewController.swift in Sources */ = {isa = PBXBuildFile; fileRef = DC8D9C0020BEC2270069E8AD /* TableViewController.swift */; };
/* End PBXBuildFile section */

/* Begin PBXContainerItemProxy section */
		1FE3CF1D20BDAB3500A84DAD /* PBXContainerItemProxy */ = {
			isa = PBXContainerItemProxy;
			containerPortal = 1FE3CEFC20BDAB3400A84DAD /* Project object */;
			proxyType = 1;
			remoteGlobalIDString = 1FE3CF0320BDAB3400A84DAD;
			remoteInfo = WallRay;
		};
		1FE3CF2820BDAB3500A84DAD /* PBXContainerItemProxy */ = {
			isa = PBXContainerItemProxy;
			containerPortal = 1FE3CEFC20BDAB3400A84DAD /* Project object */;
			proxyType = 1;
			remoteGlobalIDString = 1FE3CF0320BDAB3400A84DAD;
			remoteInfo = WallRay;
		};
/* End PBXContainerItemProxy section */

/* Begin PBXFileReference section */
		10EA622303A68FD27AA92DE7 /* Pods_WallRay.framework */ = {isa = PBXFileReference; explicitFileType = wrapper.framework; includeInIndex = 0; path = Pods_WallRay.framework; sourceTree = BUILT_PRODUCTS_DIR; };
		1F77304B20C5775000AA9F62 /* ChangeLog.swift */ = {isa = PBXFileReference; lastKnownFileType = sourcecode.swift; path = ChangeLog.swift; sourceTree = "<group>"; };
		1FE3CF0420BDAB3400A84DAD /* WallRay.app */ = {isa = PBXFileReference; explicitFileType = wrapper.application; includeInIndex = 0; path = WallRay.app; sourceTree = BUILT_PRODUCTS_DIR; };
		1FE3CF0720BDAB3400A84DAD /* AppDelegate.swift */ = {isa = PBXFileReference; lastKnownFileType = sourcecode.swift; path = AppDelegate.swift; sourceTree = "<group>"; };
		1FE3CF1020BDAB3400A84DAD /* Base */ = {isa = PBXFileReference; lastKnownFileType = file.storyboard; name = Base; path = Base.lproj/Main.storyboard; sourceTree = "<group>"; };
		1FE3CF1220BDAB3400A84DAD /* Assets.xcassets */ = {isa = PBXFileReference; lastKnownFileType = folder.assetcatalog; path = Assets.xcassets; sourceTree = "<group>"; };
		1FE3CF1520BDAB3400A84DAD /* Base */ = {isa = PBXFileReference; lastKnownFileType = file.storyboard; name = Base; path = Base.lproj/LaunchScreen.storyboard; sourceTree = "<group>"; };
		1FE3CF1720BDAB3500A84DAD /* Info.plist */ = {isa = PBXFileReference; lastKnownFileType = text.plist.xml; path = Info.plist; sourceTree = "<group>"; };
		1FE3CF1C20BDAB3500A84DAD /* WallRayTests.xctest */ = {isa = PBXFileReference; explicitFileType = wrapper.cfbundle; includeInIndex = 0; path = WallRayTests.xctest; sourceTree = BUILT_PRODUCTS_DIR; };
		1FE3CF2020BDAB3500A84DAD /* WallRayTests.swift */ = {isa = PBXFileReference; lastKnownFileType = sourcecode.swift; path = WallRayTests.swift; sourceTree = "<group>"; };
		1FE3CF2220BDAB3500A84DAD /* Info.plist */ = {isa = PBXFileReference; lastKnownFileType = text.plist.xml; path = Info.plist; sourceTree = "<group>"; };
		1FE3CF2720BDAB3500A84DAD /* WallRayUITests.xctest */ = {isa = PBXFileReference; explicitFileType = wrapper.cfbundle; includeInIndex = 0; path = WallRayUITests.xctest; sourceTree = BUILT_PRODUCTS_DIR; };
		1FE3CF2B20BDAB3500A84DAD /* WallRayUITests.swift */ = {isa = PBXFileReference; lastKnownFileType = sourcecode.swift; path = WallRayUITests.swift; sourceTree = "<group>"; };
		1FE3CF2D20BDAB3500A84DAD /* Info.plist */ = {isa = PBXFileReference; lastKnownFileType = text.plist.xml; path = Info.plist; sourceTree = "<group>"; };
		2E37C8C0CB9ED74BEA328E7E /* Pods-WallRayUITests.release.xcconfig */ = {isa = PBXFileReference; includeInIndex = 1; lastKnownFileType = text.xcconfig; name = "Pods-WallRayUITests.release.xcconfig"; path = "Pods/Target Support Files/Pods-WallRayUITests/Pods-WallRayUITests.release.xcconfig"; sourceTree = "<group>"; };
		35194514125384DEC891A4CD /* Pods-WallRayTests.release.xcconfig */ = {isa = PBXFileReference; includeInIndex = 1; lastKnownFileType = text.xcconfig; name = "Pods-WallRayTests.release.xcconfig"; path = "Pods/Target Support Files/Pods-WallRayTests/Pods-WallRayTests.release.xcconfig"; sourceTree = "<group>"; };
		3DC43D06FB4768B6A4E03F86 /* Pods_WallRayUITests.framework */ = {isa = PBXFileReference; explicitFileType = wrapper.framework; includeInIndex = 0; path = Pods_WallRayUITests.framework; sourceTree = BUILT_PRODUCTS_DIR; };
		552F75F64B3BCC42F8ECE532 /* Pods_WallRayTests.framework */ = {isa = PBXFileReference; explicitFileType = wrapper.framework; includeInIndex = 0; path = Pods_WallRayTests.framework; sourceTree = BUILT_PRODUCTS_DIR; };
		5A64E50309C82AEEF8BAD2C7 /* Pods-WallRayTests.debug.xcconfig */ = {isa = PBXFileReference; includeInIndex = 1; lastKnownFileType = text.xcconfig; name = "Pods-WallRayTests.debug.xcconfig"; path = "Pods/Target Support Files/Pods-WallRayTests/Pods-WallRayTests.debug.xcconfig"; sourceTree = "<group>"; };
		60ADB1954005858FD6189609 /* Pods-WallRay.release.xcconfig */ = {isa = PBXFileReference; includeInIndex = 1; lastKnownFileType = text.xcconfig; name = "Pods-WallRay.release.xcconfig"; path = "Pods/Target Support Files/Pods-WallRay/Pods-WallRay.release.xcconfig"; sourceTree = "<group>"; };
		7237CB3EEED059A8A9F270E9 /* Pods-WallRayUITests.debug.xcconfig */ = {isa = PBXFileReference; includeInIndex = 1; lastKnownFileType = text.xcconfig; name = "Pods-WallRayUITests.debug.xcconfig"; path = "Pods/Target Support Files/Pods-WallRayUITests/Pods-WallRayUITests.debug.xcconfig"; sourceTree = "<group>"; };
		9AB1C6DD748D9A4C89E29CB4 /* Pods-WallRay.debug.xcconfig */ = {isa = PBXFileReference; includeInIndex = 1; lastKnownFileType = text.xcconfig; name = "Pods-WallRay.debug.xcconfig"; path = "Pods/Target Support Files/Pods-WallRay/Pods-WallRay.debug.xcconfig"; sourceTree = "<group>"; };
		DC7BEEDC20BFF12B00232DF8 /* RoomViewController.swift */ = {isa = PBXFileReference; lastKnownFileType = sourcecode.swift; path = RoomViewController.swift; sourceTree = "<group>"; };
		DC7BEEDE20C002D100232DF8 /* ARViewController.swift */ = {isa = PBXFileReference; lastKnownFileType = sourcecode.swift; path = ARViewController.swift; sourceTree = "<group>"; };
		DC8D9BF220BEB4C40069E8AD /* Room.swift */ = {isa = PBXFileReference; lastKnownFileType = sourcecode.swift; path = Room.swift; sourceTree = "<group>"; };
		DC8D9BF420BEB6120069E8AD /* Plan.swift */ = {isa = PBXFileReference; lastKnownFileType = sourcecode.swift; path = Plan.swift; sourceTree = "<group>"; };
		DC8D9BF620BEB8410069E8AD /* Line.swift */ = {isa = PBXFileReference; lastKnownFileType = sourcecode.swift; path = Line.swift; sourceTree = "<group>"; };
		DC8D9BF820BEB88D0069E8AD /* Point.swift */ = {isa = PBXFileReference; lastKnownFileType = sourcecode.swift; path = Point.swift; sourceTree = "<group>"; };
		DC8D9C0020BEC2270069E8AD /* TableViewController.swift */ = {isa = PBXFileReference; lastKnownFileType = sourcecode.swift; path = TableViewController.swift; sourceTree = "<group>"; };
/* End PBXFileReference section */

/* Begin PBXFrameworksBuildPhase section */
		1FE3CF0120BDAB3400A84DAD /* Frameworks */ = {
			isa = PBXFrameworksBuildPhase;
			buildActionMask = 2147483647;
			files = (
				DA3A426B4D30FE49687AB83D /* Pods_WallRay.framework in Frameworks */,
			);
			runOnlyForDeploymentPostprocessing = 0;
		};
		1FE3CF1920BDAB3500A84DAD /* Frameworks */ = {
			isa = PBXFrameworksBuildPhase;
			buildActionMask = 2147483647;
			files = (
				AB5DE702E5DE5F191BBEB1BF /* Pods_WallRayTests.framework in Frameworks */,
			);
			runOnlyForDeploymentPostprocessing = 0;
		};
		1FE3CF2420BDAB3500A84DAD /* Frameworks */ = {
			isa = PBXFrameworksBuildPhase;
			buildActionMask = 2147483647;
			files = (
				36F3AA7DE48AD98FF9C6564B /* Pods_WallRayUITests.framework in Frameworks */,
			);
			runOnlyForDeploymentPostprocessing = 0;
		};
/* End PBXFrameworksBuildPhase section */

/* Begin PBXGroup section */
		1FE3CEFB20BDAB3400A84DAD = {
			isa = PBXGroup;
			children = (
				1FE3CF0620BDAB3400A84DAD /* WallRay */,
				1FE3CF1F20BDAB3500A84DAD /* WallRayTests */,
				1FE3CF2A20BDAB3500A84DAD /* WallRayUITests */,
				1FE3CF0520BDAB3400A84DAD /* Products */,
				248A0D36B97E80F3D34F6720 /* Pods */,
				A141B3579D85544F03FCCF5D /* Frameworks */,
			);
			sourceTree = "<group>";
		};
		1FE3CF0520BDAB3400A84DAD /* Products */ = {
			isa = PBXGroup;
			children = (
				1FE3CF0420BDAB3400A84DAD /* WallRay.app */,
				1FE3CF1C20BDAB3500A84DAD /* WallRayTests.xctest */,
				1FE3CF2720BDAB3500A84DAD /* WallRayUITests.xctest */,
			);
			name = Products;
			sourceTree = "<group>";
		};
		1FE3CF0620BDAB3400A84DAD /* WallRay */ = {
			isa = PBXGroup;
			children = (
				DC8D9BF220BEB4C40069E8AD /* Room.swift */,
				DC8D9BF420BEB6120069E8AD /* Plan.swift */,
				DC8D9BF620BEB8410069E8AD /* Line.swift */,
				DC8D9BF820BEB88D0069E8AD /* Point.swift */,
				1F77304B20C5775000AA9F62 /* ChangeLog.swift */,
				1FE3CF0720BDAB3400A84DAD /* AppDelegate.swift */,
				1FE3CF0F20BDAB3400A84DAD /* Main.storyboard */,
				1FE3CF1220BDAB3400A84DAD /* Assets.xcassets */,
				1FE3CF1420BDAB3400A84DAD /* LaunchScreen.storyboard */,
				1FE3CF1720BDAB3500A84DAD /* Info.plist */,
				DC8D9C0020BEC2270069E8AD /* TableViewController.swift */,
				DC7BEEDC20BFF12B00232DF8 /* RoomViewController.swift */,
				DC7BEEDE20C002D100232DF8 /* ARViewController.swift */,
			);
			path = WallRay;
			sourceTree = "<group>";
		};
		1FE3CF1F20BDAB3500A84DAD /* WallRayTests */ = {
			isa = PBXGroup;
			children = (
				1FE3CF2020BDAB3500A84DAD /* WallRayTests.swift */,
				1FE3CF2220BDAB3500A84DAD /* Info.plist */,
			);
			path = WallRayTests;
			sourceTree = "<group>";
		};
		1FE3CF2A20BDAB3500A84DAD /* WallRayUITests */ = {
			isa = PBXGroup;
			children = (
				1FE3CF2B20BDAB3500A84DAD /* WallRayUITests.swift */,
				1FE3CF2D20BDAB3500A84DAD /* Info.plist */,
			);
			path = WallRayUITests;
			sourceTree = "<group>";
		};
		248A0D36B97E80F3D34F6720 /* Pods */ = {
			isa = PBXGroup;
			children = (
				9AB1C6DD748D9A4C89E29CB4 /* Pods-WallRay.debug.xcconfig */,
				60ADB1954005858FD6189609 /* Pods-WallRay.release.xcconfig */,
				5A64E50309C82AEEF8BAD2C7 /* Pods-WallRayTests.debug.xcconfig */,
				35194514125384DEC891A4CD /* Pods-WallRayTests.release.xcconfig */,
				7237CB3EEED059A8A9F270E9 /* Pods-WallRayUITests.debug.xcconfig */,
				2E37C8C0CB9ED74BEA328E7E /* Pods-WallRayUITests.release.xcconfig */,
			);
			name = Pods;
			sourceTree = "<group>";
		};
		A141B3579D85544F03FCCF5D /* Frameworks */ = {
			isa = PBXGroup;
			children = (
				10EA622303A68FD27AA92DE7 /* Pods_WallRay.framework */,
				552F75F64B3BCC42F8ECE532 /* Pods_WallRayTests.framework */,
				3DC43D06FB4768B6A4E03F86 /* Pods_WallRayUITests.framework */,
			);
			name = Frameworks;
			sourceTree = "<group>";
		};
/* End PBXGroup section */

/* Begin PBXNativeTarget section */
		1FE3CF0320BDAB3400A84DAD /* WallRay */ = {
			isa = PBXNativeTarget;
			buildConfigurationList = 1FE3CF3020BDAB3500A84DAD /* Build configuration list for PBXNativeTarget "WallRay" */;
			buildPhases = (
				5F495A5CF0D0030503269248 /* [CP] Check Pods Manifest.lock */,
				1FE3CF0020BDAB3400A84DAD /* Sources */,
				1FE3CF0120BDAB3400A84DAD /* Frameworks */,
				1FE3CF0220BDAB3400A84DAD /* Resources */,
				14868EB7D378F21EDE9FC495 /* [CP] Embed Pods Frameworks */,
			);
			buildRules = (
			);
			dependencies = (
			);
			name = WallRay;
			productName = WallRay;
			productReference = 1FE3CF0420BDAB3400A84DAD /* WallRay.app */;
			productType = "com.apple.product-type.application";
		};
		1FE3CF1B20BDAB3500A84DAD /* WallRayTests */ = {
			isa = PBXNativeTarget;
			buildConfigurationList = 1FE3CF3320BDAB3500A84DAD /* Build configuration list for PBXNativeTarget "WallRayTests" */;
			buildPhases = (
				D5219DEEFB81AB3769127252 /* [CP] Check Pods Manifest.lock */,
				1FE3CF1820BDAB3500A84DAD /* Sources */,
				1FE3CF1920BDAB3500A84DAD /* Frameworks */,
				1FE3CF1A20BDAB3500A84DAD /* Resources */,
				7A5F07322B5E8DDCE35D72DC /* [CP] Embed Pods Frameworks */,
			);
			buildRules = (
			);
			dependencies = (
				1FE3CF1E20BDAB3500A84DAD /* PBXTargetDependency */,
			);
			name = WallRayTests;
			productName = WallRayTests;
			productReference = 1FE3CF1C20BDAB3500A84DAD /* WallRayTests.xctest */;
			productType = "com.apple.product-type.bundle.unit-test";
		};
		1FE3CF2620BDAB3500A84DAD /* WallRayUITests */ = {
			isa = PBXNativeTarget;
			buildConfigurationList = 1FE3CF3620BDAB3500A84DAD /* Build configuration list for PBXNativeTarget "WallRayUITests" */;
			buildPhases = (
				6550E5961613BF6F550B2E1D /* [CP] Check Pods Manifest.lock */,
				1FE3CF2320BDAB3500A84DAD /* Sources */,
				1FE3CF2420BDAB3500A84DAD /* Frameworks */,
				1FE3CF2520BDAB3500A84DAD /* Resources */,
				15018A3F94BA20C6FA053C0D /* [CP] Embed Pods Frameworks */,
			);
			buildRules = (
			);
			dependencies = (
				1FE3CF2920BDAB3500A84DAD /* PBXTargetDependency */,
			);
			name = WallRayUITests;
			productName = WallRayUITests;
			productReference = 1FE3CF2720BDAB3500A84DAD /* WallRayUITests.xctest */;
			productType = "com.apple.product-type.bundle.ui-testing";
		};
/* End PBXNativeTarget section */

/* Begin PBXProject section */
		1FE3CEFC20BDAB3400A84DAD /* Project object */ = {
			isa = PBXProject;
			attributes = {
				LastSwiftUpdateCheck = 0930;
				LastUpgradeCheck = 0930;
				ORGANIZATIONNAME = "Fritz Oppelt";
				TargetAttributes = {
					1FE3CF0320BDAB3400A84DAD = {
						CreatedOnToolsVersion = 9.3.1;
					};
					1FE3CF1B20BDAB3500A84DAD = {
						CreatedOnToolsVersion = 9.3.1;
						TestTargetID = 1FE3CF0320BDAB3400A84DAD;
					};
					1FE3CF2620BDAB3500A84DAD = {
						CreatedOnToolsVersion = 9.3.1;
						TestTargetID = 1FE3CF0320BDAB3400A84DAD;
					};
				};
			};
			buildConfigurationList = 1FE3CEFF20BDAB3400A84DAD /* Build configuration list for PBXProject "WallRay" */;
			compatibilityVersion = "Xcode 9.3";
			developmentRegion = en;
			hasScannedForEncodings = 0;
			knownRegions = (
				en,
				Base,
			);
			mainGroup = 1FE3CEFB20BDAB3400A84DAD;
			productRefGroup = 1FE3CF0520BDAB3400A84DAD /* Products */;
			projectDirPath = "";
			projectRoot = "";
			targets = (
				1FE3CF0320BDAB3400A84DAD /* WallRay */,
				1FE3CF1B20BDAB3500A84DAD /* WallRayTests */,
				1FE3CF2620BDAB3500A84DAD /* WallRayUITests */,
			);
		};
/* End PBXProject section */

/* Begin PBXResourcesBuildPhase section */
		1FE3CF0220BDAB3400A84DAD /* Resources */ = {
			isa = PBXResourcesBuildPhase;
			buildActionMask = 2147483647;
			files = (
				1FE3CF1620BDAB3400A84DAD /* LaunchScreen.storyboard in Resources */,
				1FE3CF1320BDAB3400A84DAD /* Assets.xcassets in Resources */,
				1FE3CF1120BDAB3400A84DAD /* Main.storyboard in Resources */,
			);
			runOnlyForDeploymentPostprocessing = 0;
		};
		1FE3CF1A20BDAB3500A84DAD /* Resources */ = {
			isa = PBXResourcesBuildPhase;
			buildActionMask = 2147483647;
			files = (
			);
			runOnlyForDeploymentPostprocessing = 0;
		};
		1FE3CF2520BDAB3500A84DAD /* Resources */ = {
			isa = PBXResourcesBuildPhase;
			buildActionMask = 2147483647;
			files = (
			);
			runOnlyForDeploymentPostprocessing = 0;
		};
/* End PBXResourcesBuildPhase section */

/* Begin PBXShellScriptBuildPhase section */
		14868EB7D378F21EDE9FC495 /* [CP] Embed Pods Frameworks */ = {
			isa = PBXShellScriptBuildPhase;
			buildActionMask = 2147483647;
			files = (
			);
			inputPaths = (
				"${SRCROOT}/Pods/Target Support Files/Pods-WallRay/Pods-WallRay-frameworks.sh",
				"${BUILT_PRODUCTS_DIR}/Bolts/Bolts.framework",
				"${BUILT_PRODUCTS_DIR}/Parse/Parse.framework",
				"${BUILT_PRODUCTS_DIR}/TesseractOCRiOS/TesseractOCR.framework",
			);
			name = "[CP] Embed Pods Frameworks";
			outputPaths = (
				"${TARGET_BUILD_DIR}/${FRAMEWORKS_FOLDER_PATH}/Bolts.framework",
				"${TARGET_BUILD_DIR}/${FRAMEWORKS_FOLDER_PATH}/Parse.framework",
				"${TARGET_BUILD_DIR}/${FRAMEWORKS_FOLDER_PATH}/TesseractOCR.framework",
			);
			runOnlyForDeploymentPostprocessing = 0;
			shellPath = /bin/sh;
			shellScript = "\"${SRCROOT}/Pods/Target Support Files/Pods-WallRay/Pods-WallRay-frameworks.sh\"\n";
			showEnvVarsInLog = 0;
		};
		15018A3F94BA20C6FA053C0D /* [CP] Embed Pods Frameworks */ = {
			isa = PBXShellScriptBuildPhase;
			buildActionMask = 2147483647;
			files = (
			);
			inputPaths = (
				"${SRCROOT}/Pods/Target Support Files/Pods-WallRayUITests/Pods-WallRayUITests-frameworks.sh",
				"${BUILT_PRODUCTS_DIR}/Bolts/Bolts.framework",
				"${BUILT_PRODUCTS_DIR}/Parse/Parse.framework",
			);
			name = "[CP] Embed Pods Frameworks";
			outputPaths = (
				"${TARGET_BUILD_DIR}/${FRAMEWORKS_FOLDER_PATH}/Bolts.framework",
				"${TARGET_BUILD_DIR}/${FRAMEWORKS_FOLDER_PATH}/Parse.framework",
			);
			runOnlyForDeploymentPostprocessing = 0;
			shellPath = /bin/sh;
			shellScript = "\"${SRCROOT}/Pods/Target Support Files/Pods-WallRayUITests/Pods-WallRayUITests-frameworks.sh\"\n";
			showEnvVarsInLog = 0;
		};
		5F495A5CF0D0030503269248 /* [CP] Check Pods Manifest.lock */ = {
			isa = PBXShellScriptBuildPhase;
			buildActionMask = 2147483647;
			files = (
			);
			inputPaths = (
				"${PODS_PODFILE_DIR_PATH}/Podfile.lock",
				"${PODS_ROOT}/Manifest.lock",
			);
			name = "[CP] Check Pods Manifest.lock";
			outputPaths = (
				"$(DERIVED_FILE_DIR)/Pods-WallRay-checkManifestLockResult.txt",
			);
			runOnlyForDeploymentPostprocessing = 0;
			shellPath = /bin/sh;
			shellScript = "diff \"${PODS_PODFILE_DIR_PATH}/Podfile.lock\" \"${PODS_ROOT}/Manifest.lock\" > /dev/null\nif [ $? != 0 ] ; then\n    # print error to STDERR\n    echo \"error: The sandbox is not in sync with the Podfile.lock. Run 'pod install' or update your CocoaPods installation.\" >&2\n    exit 1\nfi\n# This output is used by Xcode 'outputs' to avoid re-running this script phase.\necho \"SUCCESS\" > \"${SCRIPT_OUTPUT_FILE_0}\"\n";
			showEnvVarsInLog = 0;
		};
		6550E5961613BF6F550B2E1D /* [CP] Check Pods Manifest.lock */ = {
			isa = PBXShellScriptBuildPhase;
			buildActionMask = 2147483647;
			files = (
			);
			inputPaths = (
				"${PODS_PODFILE_DIR_PATH}/Podfile.lock",
				"${PODS_ROOT}/Manifest.lock",
			);
			name = "[CP] Check Pods Manifest.lock";
			outputPaths = (
				"$(DERIVED_FILE_DIR)/Pods-WallRayUITests-checkManifestLockResult.txt",
			);
			runOnlyForDeploymentPostprocessing = 0;
			shellPath = /bin/sh;
			shellScript = "diff \"${PODS_PODFILE_DIR_PATH}/Podfile.lock\" \"${PODS_ROOT}/Manifest.lock\" > /dev/null\nif [ $? != 0 ] ; then\n    # print error to STDERR\n    echo \"error: The sandbox is not in sync with the Podfile.lock. Run 'pod install' or update your CocoaPods installation.\" >&2\n    exit 1\nfi\n# This output is used by Xcode 'outputs' to avoid re-running this script phase.\necho \"SUCCESS\" > \"${SCRIPT_OUTPUT_FILE_0}\"\n";
			showEnvVarsInLog = 0;
		};
		7A5F07322B5E8DDCE35D72DC /* [CP] Embed Pods Frameworks */ = {
			isa = PBXShellScriptBuildPhase;
			buildActionMask = 2147483647;
			files = (
			);
			inputPaths = (
				"${SRCROOT}/Pods/Target Support Files/Pods-WallRayTests/Pods-WallRayTests-frameworks.sh",
				"${BUILT_PRODUCTS_DIR}/Bolts/Bolts.framework",
				"${BUILT_PRODUCTS_DIR}/Parse/Parse.framework",
			);
			name = "[CP] Embed Pods Frameworks";
			outputPaths = (
				"${TARGET_BUILD_DIR}/${FRAMEWORKS_FOLDER_PATH}/Bolts.framework",
				"${TARGET_BUILD_DIR}/${FRAMEWORKS_FOLDER_PATH}/Parse.framework",
			);
			runOnlyForDeploymentPostprocessing = 0;
			shellPath = /bin/sh;
			shellScript = "\"${SRCROOT}/Pods/Target Support Files/Pods-WallRayTests/Pods-WallRayTests-frameworks.sh\"\n";
			showEnvVarsInLog = 0;
		};
		D5219DEEFB81AB3769127252 /* [CP] Check Pods Manifest.lock */ = {
			isa = PBXShellScriptBuildPhase;
			buildActionMask = 2147483647;
			files = (
			);
			inputPaths = (
				"${PODS_PODFILE_DIR_PATH}/Podfile.lock",
				"${PODS_ROOT}/Manifest.lock",
			);
			name = "[CP] Check Pods Manifest.lock";
			outputPaths = (
				"$(DERIVED_FILE_DIR)/Pods-WallRayTests-checkManifestLockResult.txt",
			);
			runOnlyForDeploymentPostprocessing = 0;
			shellPath = /bin/sh;
			shellScript = "diff \"${PODS_PODFILE_DIR_PATH}/Podfile.lock\" \"${PODS_ROOT}/Manifest.lock\" > /dev/null\nif [ $? != 0 ] ; then\n    # print error to STDERR\n    echo \"error: The sandbox is not in sync with the Podfile.lock. Run 'pod install' or update your CocoaPods installation.\" >&2\n    exit 1\nfi\n# This output is used by Xcode 'outputs' to avoid re-running this script phase.\necho \"SUCCESS\" > \"${SCRIPT_OUTPUT_FILE_0}\"\n";
			showEnvVarsInLog = 0;
		};
/* End PBXShellScriptBuildPhase section */

/* Begin PBXSourcesBuildPhase section */
		1FE3CF0020BDAB3400A84DAD /* Sources */ = {
			isa = PBXSourcesBuildPhase;
			buildActionMask = 2147483647;
			files = (
				DC8D9BF920BEB88D0069E8AD /* Point.swift in Sources */,
				DC8D9C0120BEC2270069E8AD /* TableViewController.swift in Sources */,
				1F77304C20C5775000AA9F62 /* ChangeLog.swift in Sources */,
				DC7BEEDD20BFF12B00232DF8 /* RoomViewController.swift in Sources */,
				DC7BEEDF20C002D100232DF8 /* ARViewController.swift in Sources */,
				DC8D9BF520BEB6120069E8AD /* Plan.swift in Sources */,
				DC8D9BF320BEB4C40069E8AD /* Room.swift in Sources */,
				DC8D9BF720BEB8410069E8AD /* Line.swift in Sources */,
				1FE3CF0820BDAB3400A84DAD /* AppDelegate.swift in Sources */,
			);
			runOnlyForDeploymentPostprocessing = 0;
		};
		1FE3CF1820BDAB3500A84DAD /* Sources */ = {
			isa = PBXSourcesBuildPhase;
			buildActionMask = 2147483647;
			files = (
				1FE3CF2120BDAB3500A84DAD /* WallRayTests.swift in Sources */,
			);
			runOnlyForDeploymentPostprocessing = 0;
		};
		1FE3CF2320BDAB3500A84DAD /* Sources */ = {
			isa = PBXSourcesBuildPhase;
			buildActionMask = 2147483647;
			files = (
				1FE3CF2C20BDAB3500A84DAD /* WallRayUITests.swift in Sources */,
			);
			runOnlyForDeploymentPostprocessing = 0;
		};
/* End PBXSourcesBuildPhase section */

/* Begin PBXTargetDependency section */
		1FE3CF1E20BDAB3500A84DAD /* PBXTargetDependency */ = {
			isa = PBXTargetDependency;
			target = 1FE3CF0320BDAB3400A84DAD /* WallRay */;
			targetProxy = 1FE3CF1D20BDAB3500A84DAD /* PBXContainerItemProxy */;
		};
		1FE3CF2920BDAB3500A84DAD /* PBXTargetDependency */ = {
			isa = PBXTargetDependency;
			target = 1FE3CF0320BDAB3400A84DAD /* WallRay */;
			targetProxy = 1FE3CF2820BDAB3500A84DAD /* PBXContainerItemProxy */;
		};
/* End PBXTargetDependency section */

/* Begin PBXVariantGroup section */
		1FE3CF0F20BDAB3400A84DAD /* Main.storyboard */ = {
			isa = PBXVariantGroup;
			children = (
				1FE3CF1020BDAB3400A84DAD /* Base */,
			);
			name = Main.storyboard;
			sourceTree = "<group>";
		};
		1FE3CF1420BDAB3400A84DAD /* LaunchScreen.storyboard */ = {
			isa = PBXVariantGroup;
			children = (
				1FE3CF1520BDAB3400A84DAD /* Base */,
			);
			name = LaunchScreen.storyboard;
			sourceTree = "<group>";
		};
/* End PBXVariantGroup section */

/* Begin XCBuildConfiguration section */
		1FE3CF2E20BDAB3500A84DAD /* Debug */ = {
			isa = XCBuildConfiguration;
			buildSettings = {
				ALWAYS_SEARCH_USER_PATHS = NO;
				CLANG_ANALYZER_NONNULL = YES;
				CLANG_ANALYZER_NUMBER_OBJECT_CONVERSION = YES_AGGRESSIVE;
				CLANG_CXX_LANGUAGE_STANDARD = "gnu++14";
				CLANG_CXX_LIBRARY = "libc++";
				CLANG_ENABLE_MODULES = YES;
				CLANG_ENABLE_OBJC_ARC = YES;
				CLANG_ENABLE_OBJC_WEAK = YES;
				CLANG_WARN_BLOCK_CAPTURE_AUTORELEASING = YES;
				CLANG_WARN_BOOL_CONVERSION = YES;
				CLANG_WARN_COMMA = YES;
				CLANG_WARN_CONSTANT_CONVERSION = YES;
				CLANG_WARN_DEPRECATED_OBJC_IMPLEMENTATIONS = YES;
				CLANG_WARN_DIRECT_OBJC_ISA_USAGE = YES_ERROR;
				CLANG_WARN_DOCUMENTATION_COMMENTS = YES;
				CLANG_WARN_EMPTY_BODY = YES;
				CLANG_WARN_ENUM_CONVERSION = YES;
				CLANG_WARN_INFINITE_RECURSION = YES;
				CLANG_WARN_INT_CONVERSION = YES;
				CLANG_WARN_NON_LITERAL_NULL_CONVERSION = YES;
				CLANG_WARN_OBJC_IMPLICIT_RETAIN_SELF = YES;
				CLANG_WARN_OBJC_LITERAL_CONVERSION = YES;
				CLANG_WARN_OBJC_ROOT_CLASS = YES_ERROR;
				CLANG_WARN_RANGE_LOOP_ANALYSIS = YES;
				CLANG_WARN_STRICT_PROTOTYPES = YES;
				CLANG_WARN_SUSPICIOUS_MOVE = YES;
				CLANG_WARN_UNGUARDED_AVAILABILITY = YES_AGGRESSIVE;
				CLANG_WARN_UNREACHABLE_CODE = YES;
				CLANG_WARN__DUPLICATE_METHOD_MATCH = YES;
				CODE_SIGN_IDENTITY = "iPhone Developer";
				COPY_PHASE_STRIP = NO;
				DEBUG_INFORMATION_FORMAT = dwarf;
				ENABLE_BITCODE = NO;
				ENABLE_STRICT_OBJC_MSGSEND = YES;
				ENABLE_TESTABILITY = YES;
				GCC_C_LANGUAGE_STANDARD = gnu11;
				GCC_DYNAMIC_NO_PIC = NO;
				GCC_NO_COMMON_BLOCKS = YES;
				GCC_OPTIMIZATION_LEVEL = 0;
				GCC_PREPROCESSOR_DEFINITIONS = (
					"DEBUG=1",
					"$(inherited)",
				);
				GCC_WARN_64_TO_32_BIT_CONVERSION = YES;
				GCC_WARN_ABOUT_RETURN_TYPE = YES_ERROR;
				GCC_WARN_UNDECLARED_SELECTOR = YES;
				GCC_WARN_UNINITIALIZED_AUTOS = YES_AGGRESSIVE;
				GCC_WARN_UNUSED_FUNCTION = YES;
				GCC_WARN_UNUSED_VARIABLE = YES;
				IPHONEOS_DEPLOYMENT_TARGET = 11.3;
				MTL_ENABLE_DEBUG_INFO = YES;
				ONLY_ACTIVE_ARCH = YES;
				SDKROOT = iphoneos;
				SWIFT_ACTIVE_COMPILATION_CONDITIONS = DEBUG;
				SWIFT_OPTIMIZATION_LEVEL = "-Onone";
			};
			name = Debug;
		};
		1FE3CF2F20BDAB3500A84DAD /* Release */ = {
			isa = XCBuildConfiguration;
			buildSettings = {
				ALWAYS_SEARCH_USER_PATHS = NO;
				CLANG_ANALYZER_NONNULL = YES;
				CLANG_ANALYZER_NUMBER_OBJECT_CONVERSION = YES_AGGRESSIVE;
				CLANG_CXX_LANGUAGE_STANDARD = "gnu++14";
				CLANG_CXX_LIBRARY = "libc++";
				CLANG_ENABLE_MODULES = YES;
				CLANG_ENABLE_OBJC_ARC = YES;
				CLANG_ENABLE_OBJC_WEAK = YES;
				CLANG_WARN_BLOCK_CAPTURE_AUTORELEASING = YES;
				CLANG_WARN_BOOL_CONVERSION = YES;
				CLANG_WARN_COMMA = YES;
				CLANG_WARN_CONSTANT_CONVERSION = YES;
				CLANG_WARN_DEPRECATED_OBJC_IMPLEMENTATIONS = YES;
				CLANG_WARN_DIRECT_OBJC_ISA_USAGE = YES_ERROR;
				CLANG_WARN_DOCUMENTATION_COMMENTS = YES;
				CLANG_WARN_EMPTY_BODY = YES;
				CLANG_WARN_ENUM_CONVERSION = YES;
				CLANG_WARN_INFINITE_RECURSION = YES;
				CLANG_WARN_INT_CONVERSION = YES;
				CLANG_WARN_NON_LITERAL_NULL_CONVERSION = YES;
				CLANG_WARN_OBJC_IMPLICIT_RETAIN_SELF = YES;
				CLANG_WARN_OBJC_LITERAL_CONVERSION = YES;
				CLANG_WARN_OBJC_ROOT_CLASS = YES_ERROR;
				CLANG_WARN_RANGE_LOOP_ANALYSIS = YES;
				CLANG_WARN_STRICT_PROTOTYPES = YES;
				CLANG_WARN_SUSPICIOUS_MOVE = YES;
				CLANG_WARN_UNGUARDED_AVAILABILITY = YES_AGGRESSIVE;
				CLANG_WARN_UNREACHABLE_CODE = YES;
				CLANG_WARN__DUPLICATE_METHOD_MATCH = YES;
				CODE_SIGN_IDENTITY = "iPhone Developer";
				COPY_PHASE_STRIP = NO;
				DEBUG_INFORMATION_FORMAT = "dwarf-with-dsym";
				ENABLE_BITCODE = NO;
				ENABLE_NS_ASSERTIONS = NO;
				ENABLE_STRICT_OBJC_MSGSEND = YES;
				GCC_C_LANGUAGE_STANDARD = gnu11;
				GCC_NO_COMMON_BLOCKS = YES;
				GCC_WARN_64_TO_32_BIT_CONVERSION = YES;
				GCC_WARN_ABOUT_RETURN_TYPE = YES_ERROR;
				GCC_WARN_UNDECLARED_SELECTOR = YES;
				GCC_WARN_UNINITIALIZED_AUTOS = YES_AGGRESSIVE;
				GCC_WARN_UNUSED_FUNCTION = YES;
				GCC_WARN_UNUSED_VARIABLE = YES;
				IPHONEOS_DEPLOYMENT_TARGET = 11.3;
				MTL_ENABLE_DEBUG_INFO = NO;
				SDKROOT = iphoneos;
				SWIFT_COMPILATION_MODE = wholemodule;
				SWIFT_OPTIMIZATION_LEVEL = "-O";
				VALIDATE_PRODUCT = YES;
			};
			name = Release;
		};
		1FE3CF3120BDAB3500A84DAD /* Debug */ = {
			isa = XCBuildConfiguration;
			baseConfigurationReference = 9AB1C6DD748D9A4C89E29CB4 /* Pods-WallRay.debug.xcconfig */;
			buildSettings = {
				ASSETCATALOG_COMPILER_APPICON_NAME = AppIcon;
				CODE_SIGN_IDENTITY = "iPhone Developer";
				CODE_SIGN_STYLE = Automatic;
				DEVELOPMENT_TEAM = 6E26M5KYR3;
				ENABLE_BITCODE = NO;
				INFOPLIST_FILE = WallRay/Info.plist;
				LD_RUNPATH_SEARCH_PATHS = (
					"$(inherited)",
					"@executable_path/Frameworks",
				);
				PRODUCT_BUNDLE_IDENTIFIER = Finzel.WallRay;
				PRODUCT_NAME = "$(TARGET_NAME)";
				PROVISIONING_PROFILE_SPECIFIER = "";
				SWIFT_VERSION = 4.0;
				TARGETED_DEVICE_FAMILY = "1,2";
			};
			name = Debug;
		};
		1FE3CF3220BDAB3500A84DAD /* Release */ = {
			isa = XCBuildConfiguration;
			baseConfigurationReference = 60ADB1954005858FD6189609 /* Pods-WallRay.release.xcconfig */;
			buildSettings = {
				ASSETCATALOG_COMPILER_APPICON_NAME = AppIcon;
				CODE_SIGN_IDENTITY = "iPhone Developer";
				CODE_SIGN_STYLE = Automatic;
				DEVELOPMENT_TEAM = 6E26M5KYR3;
				ENABLE_BITCODE = NO;
				INFOPLIST_FILE = WallRay/Info.plist;
				LD_RUNPATH_SEARCH_PATHS = (
					"$(inherited)",
					"@executable_path/Frameworks",
				);
				PRODUCT_BUNDLE_IDENTIFIER = Finzel.WallRay;
				PRODUCT_NAME = "$(TARGET_NAME)";
				PROVISIONING_PROFILE_SPECIFIER = "";
				SWIFT_VERSION = 4.0;
				TARGETED_DEVICE_FAMILY = "1,2";
			};
			name = Release;
		};
		1FE3CF3420BDAB3500A84DAD /* Debug */ = {
			isa = XCBuildConfiguration;
			baseConfigurationReference = 5A64E50309C82AEEF8BAD2C7 /* Pods-WallRayTests.debug.xcconfig */;
			buildSettings = {
				ALWAYS_EMBED_SWIFT_STANDARD_LIBRARIES = YES;
				BUNDLE_LOADER = "$(TEST_HOST)";
				CODE_SIGN_STYLE = Automatic;
				DEVELOPMENT_TEAM = T5MU6K3NDH;
				INFOPLIST_FILE = WallRayTests/Info.plist;
				LD_RUNPATH_SEARCH_PATHS = (
					"$(inherited)",
					"@executable_path/Frameworks",
					"@loader_path/Frameworks",
				);
				PRODUCT_BUNDLE_IDENTIFIER = Oppelt.WallRayTests;
				PRODUCT_NAME = "$(TARGET_NAME)";
				SWIFT_VERSION = 4.0;
				TARGETED_DEVICE_FAMILY = "1,2";
				TEST_HOST = "$(BUILT_PRODUCTS_DIR)/WallRay.app/WallRay";
			};
			name = Debug;
		};
		1FE3CF3520BDAB3500A84DAD /* Release */ = {
			isa = XCBuildConfiguration;
			baseConfigurationReference = 35194514125384DEC891A4CD /* Pods-WallRayTests.release.xcconfig */;
			buildSettings = {
				ALWAYS_EMBED_SWIFT_STANDARD_LIBRARIES = YES;
				BUNDLE_LOADER = "$(TEST_HOST)";
				CODE_SIGN_STYLE = Automatic;
				DEVELOPMENT_TEAM = T5MU6K3NDH;
				INFOPLIST_FILE = WallRayTests/Info.plist;
				LD_RUNPATH_SEARCH_PATHS = (
					"$(inherited)",
					"@executable_path/Frameworks",
					"@loader_path/Frameworks",
				);
				PRODUCT_BUNDLE_IDENTIFIER = Oppelt.WallRayTests;
				PRODUCT_NAME = "$(TARGET_NAME)";
				SWIFT_VERSION = 4.0;
				TARGETED_DEVICE_FAMILY = "1,2";
				TEST_HOST = "$(BUILT_PRODUCTS_DIR)/WallRay.app/WallRay";
			};
			name = Release;
		};
		1FE3CF3720BDAB3500A84DAD /* Debug */ = {
			isa = XCBuildConfiguration;
			baseConfigurationReference = 7237CB3EEED059A8A9F270E9 /* Pods-WallRayUITests.debug.xcconfig */;
			buildSettings = {
				ALWAYS_EMBED_SWIFT_STANDARD_LIBRARIES = YES;
				CODE_SIGN_STYLE = Automatic;
				DEVELOPMENT_TEAM = T5MU6K3NDH;
				INFOPLIST_FILE = WallRayUITests/Info.plist;
				LD_RUNPATH_SEARCH_PATHS = (
					"$(inherited)",
					"@executable_path/Frameworks",
					"@loader_path/Frameworks",
				);
				PRODUCT_BUNDLE_IDENTIFIER = Oppelt.WallRayUITests;
				PRODUCT_NAME = "$(TARGET_NAME)";
				SWIFT_VERSION = 4.0;
				TARGETED_DEVICE_FAMILY = "1,2";
				TEST_TARGET_NAME = WallRay;
			};
			name = Debug;
		};
		1FE3CF3820BDAB3500A84DAD /* Release */ = {
			isa = XCBuildConfiguration;
			baseConfigurationReference = 2E37C8C0CB9ED74BEA328E7E /* Pods-WallRayUITests.release.xcconfig */;
			buildSettings = {
				ALWAYS_EMBED_SWIFT_STANDARD_LIBRARIES = YES;
				CODE_SIGN_STYLE = Automatic;
				DEVELOPMENT_TEAM = T5MU6K3NDH;
				INFOPLIST_FILE = WallRayUITests/Info.plist;
				LD_RUNPATH_SEARCH_PATHS = (
					"$(inherited)",
					"@executable_path/Frameworks",
					"@loader_path/Frameworks",
				);
				PRODUCT_BUNDLE_IDENTIFIER = Oppelt.WallRayUITests;
				PRODUCT_NAME = "$(TARGET_NAME)";
				SWIFT_VERSION = 4.0;
				TARGETED_DEVICE_FAMILY = "1,2";
				TEST_TARGET_NAME = WallRay;
			};
			name = Release;
		};
/* End XCBuildConfiguration section */

/* Begin XCConfigurationList section */
		1FE3CEFF20BDAB3400A84DAD /* Build configuration list for PBXProject "WallRay" */ = {
			isa = XCConfigurationList;
			buildConfigurations = (
				1FE3CF2E20BDAB3500A84DAD /* Debug */,
				1FE3CF2F20BDAB3500A84DAD /* Release */,
			);
			defaultConfigurationIsVisible = 0;
			defaultConfigurationName = Release;
		};
		1FE3CF3020BDAB3500A84DAD /* Build configuration list for PBXNativeTarget "WallRay" */ = {
			isa = XCConfigurationList;
			buildConfigurations = (
				1FE3CF3120BDAB3500A84DAD /* Debug */,
				1FE3CF3220BDAB3500A84DAD /* Release */,
			);
			defaultConfigurationIsVisible = 0;
			defaultConfigurationName = Release;
		};
		1FE3CF3320BDAB3500A84DAD /* Build configuration list for PBXNativeTarget "WallRayTests" */ = {
			isa = XCConfigurationList;
			buildConfigurations = (
				1FE3CF3420BDAB3500A84DAD /* Debug */,
				1FE3CF3520BDAB3500A84DAD /* Release */,
			);
			defaultConfigurationIsVisible = 0;
			defaultConfigurationName = Release;
		};
		1FE3CF3620BDAB3500A84DAD /* Build configuration list for PBXNativeTarget "WallRayUITests" */ = {
			isa = XCConfigurationList;
			buildConfigurations = (
				1FE3CF3720BDAB3500A84DAD /* Debug */,
				1FE3CF3820BDAB3500A84DAD /* Release */,
			);
			defaultConfigurationIsVisible = 0;
			defaultConfigurationName = Release;
		};
/* End XCConfigurationList section */
	};
	rootObject = 1FE3CEFC20BDAB3400A84DAD /* Project object */;
}
